// !$*UTF8*$!
{
	archiveVersion = 1;
	classes = {
	};
	objectVersion = 56;
	objects = {

/* Begin PBXBuildFile section */
		8887362129D1659B009C16D8 /* FireBaseViewController.swift in Sources */ = {isa = PBXBuildFile; fileRef = 8887361F29D1659B009C16D8 /* FireBaseViewController.swift */; };
		8887362229D1659B009C16D8 /* FireBaseViewController.xib in Resources */ = {isa = PBXBuildFile; fileRef = 8887362029D1659B009C16D8 /* FireBaseViewController.xib */; };
		8887362429D19000009C16D8 /* MessageModel.swift in Sources */ = {isa = PBXBuildFile; fileRef = 8887362329D19000009C16D8 /* MessageModel.swift */; };
		8887362629D19114009C16D8 /* GoogleService-Info.plist in Resources */ = {isa = PBXBuildFile; fileRef = 8887362529D19113009C16D8 /* GoogleService-Info.plist */; };
		8887362929D2BED2009C16D8 /* MessageTableViewCell.swift in Sources */ = {isa = PBXBuildFile; fileRef = 8887362729D2BED2009C16D8 /* MessageTableViewCell.swift */; };
		8887362A29D2BED2009C16D8 /* MessageTableViewCell.xib in Resources */ = {isa = PBXBuildFile; fileRef = 8887362829D2BED2009C16D8 /* MessageTableViewCell.xib */; };
		8887362D29D2D43A009C16D8 /* Alert.swift in Sources */ = {isa = PBXBuildFile; fileRef = 8887362C29D2D43A009C16D8 /* Alert.swift */; };
		8887362F29D428FE009C16D8 /* CryptoManager.swift in Sources */ = {isa = PBXBuildFile; fileRef = 8887362E29D428FE009C16D8 /* CryptoManager.swift */; };
		8887363129D5599D009C16D8 /* Encodable+Extension.swift in Sources */ = {isa = PBXBuildFile; fileRef = 8887363029D5599D009C16D8 /* Encodable+Extension.swift */; };
		8887363729D574E4009C16D8 /* String+Extension.swift in Sources */ = {isa = PBXBuildFile; fileRef = 8887363629D574E4009C16D8 /* String+Extension.swift */; };
		8887363C29D6C060009C16D8 /* Localizable.strings in Resources */ = {isa = PBXBuildFile; fileRef = 8887363E29D6C060009C16D8 /* Localizable.strings */; };
		888EBC7129C43B9B007437A4 /* AppDelegate.swift in Sources */ = {isa = PBXBuildFile; fileRef = 888EBC7029C43B9B007437A4 /* AppDelegate.swift */; };
		888EBC7329C43B9B007437A4 /* SceneDelegate.swift in Sources */ = {isa = PBXBuildFile; fileRef = 888EBC7229C43B9B007437A4 /* SceneDelegate.swift */; };
		888EBC7A29C43B9D007437A4 /* Assets.xcassets in Resources */ = {isa = PBXBuildFile; fileRef = 888EBC7929C43B9D007437A4 /* Assets.xcassets */; };
		888EBC7D29C43B9D007437A4 /* LaunchScreen.storyboard in Resources */ = {isa = PBXBuildFile; fileRef = 888EBC7B29C43B9D007437A4 /* LaunchScreen.storyboard */; };
		888EBC8829C43B9D007437A4 /* iCloudDocumentTests.swift in Sources */ = {isa = PBXBuildFile; fileRef = 888EBC8729C43B9D007437A4 /* iCloudDocumentTests.swift */; };
		888EBC9229C43B9D007437A4 /* iCloudDocumentUITests.swift in Sources */ = {isa = PBXBuildFile; fileRef = 888EBC9129C43B9D007437A4 /* iCloudDocumentUITests.swift */; };
		888EBC9429C43B9D007437A4 /* iCloudDocumentUITestsLaunchTests.swift in Sources */ = {isa = PBXBuildFile; fileRef = 888EBC9329C43B9D007437A4 /* iCloudDocumentUITestsLaunchTests.swift */; };
		888EBCA229C43D0F007437A4 /* iCloudDocumentViewController.swift in Sources */ = {isa = PBXBuildFile; fileRef = 888EBCA029C43D0F007437A4 /* iCloudDocumentViewController.swift */; };
		888EBCA329C43D0F007437A4 /* iCloudDocumentViewController.xib in Resources */ = {isa = PBXBuildFile; fileRef = 888EBCA129C43D0F007437A4 /* iCloudDocumentViewController.xib */; };
		DC88E5F425839E90E93A4D81 /* Pods_iCloudDocument_iCloudDocumentUITests.framework in Frameworks */ = {isa = PBXBuildFile; fileRef = 30EC39012B5FFEB875F261B5 /* Pods_iCloudDocument_iCloudDocumentUITests.framework */; };
		EA9B8C71C4BD0F375E5F5142 /* Pods_iCloudDocument.framework in Frameworks */ = {isa = PBXBuildFile; fileRef = 7C477BD685D03499AFE3801F /* Pods_iCloudDocument.framework */; };
		F81796C5A6EE221B8B2D3436 /* Pods_iCloudDocumentTests.framework in Frameworks */ = {isa = PBXBuildFile; fileRef = F942AD7FE01E4837F85122F5 /* Pods_iCloudDocumentTests.framework */; };
/* End PBXBuildFile section */

/* Begin PBXContainerItemProxy section */
		888EBC8429C43B9D007437A4 /* PBXContainerItemProxy */ = {
			isa = PBXContainerItemProxy;
			containerPortal = 888EBC6529C43B9B007437A4 /* Project object */;
			proxyType = 1;
			remoteGlobalIDString = 888EBC6C29C43B9B007437A4;
			remoteInfo = iCloudDocument;
		};
		888EBC8E29C43B9D007437A4 /* PBXContainerItemProxy */ = {
			isa = PBXContainerItemProxy;
			containerPortal = 888EBC6529C43B9B007437A4 /* Project object */;
			proxyType = 1;
			remoteGlobalIDString = 888EBC6C29C43B9B007437A4;
			remoteInfo = iCloudDocument;
		};
/* End PBXContainerItemProxy section */

/* Begin PBXFileReference section */
		0745E8F60DE3244C4298ED4C /* Pods-iCloudDocument.release.xcconfig */ = {isa = PBXFileReference; includeInIndex = 1; lastKnownFileType = text.xcconfig; name = "Pods-iCloudDocument.release.xcconfig"; path = "Target Support Files/Pods-iCloudDocument/Pods-iCloudDocument.release.xcconfig"; sourceTree = "<group>"; };
		078E4F58DF68BC8FB94F5053 /* Pods-iCloudDocument-iCloudDocumentUITests.release.xcconfig */ = {isa = PBXFileReference; includeInIndex = 1; lastKnownFileType = text.xcconfig; name = "Pods-iCloudDocument-iCloudDocumentUITests.release.xcconfig"; path = "Target Support Files/Pods-iCloudDocument-iCloudDocumentUITests/Pods-iCloudDocument-iCloudDocumentUITests.release.xcconfig"; sourceTree = "<group>"; };
		2C72E237AA80DED2E238A939 /* Pods-iCloudDocument.debug.xcconfig */ = {isa = PBXFileReference; includeInIndex = 1; lastKnownFileType = text.xcconfig; name = "Pods-iCloudDocument.debug.xcconfig"; path = "Target Support Files/Pods-iCloudDocument/Pods-iCloudDocument.debug.xcconfig"; sourceTree = "<group>"; };
		30EC39012B5FFEB875F261B5 /* Pods_iCloudDocument_iCloudDocumentUITests.framework */ = {isa = PBXFileReference; explicitFileType = wrapper.framework; includeInIndex = 0; path = Pods_iCloudDocument_iCloudDocumentUITests.framework; sourceTree = BUILT_PRODUCTS_DIR; };
		5B18A5BD7D7A5A9C2D64DE78 /* Pods-iCloudDocumentTests.release.xcconfig */ = {isa = PBXFileReference; includeInIndex = 1; lastKnownFileType = text.xcconfig; name = "Pods-iCloudDocumentTests.release.xcconfig"; path = "Target Support Files/Pods-iCloudDocumentTests/Pods-iCloudDocumentTests.release.xcconfig"; sourceTree = "<group>"; };
		7C477BD685D03499AFE3801F /* Pods_iCloudDocument.framework */ = {isa = PBXFileReference; explicitFileType = wrapper.framework; includeInIndex = 0; path = Pods_iCloudDocument.framework; sourceTree = BUILT_PRODUCTS_DIR; };
		7E5972EAE6FB5C207C552EFA /* Pods-iCloudDocument-iCloudDocumentUITests.debug.xcconfig */ = {isa = PBXFileReference; includeInIndex = 1; lastKnownFileType = text.xcconfig; name = "Pods-iCloudDocument-iCloudDocumentUITests.debug.xcconfig"; path = "Target Support Files/Pods-iCloudDocument-iCloudDocumentUITests/Pods-iCloudDocument-iCloudDocumentUITests.debug.xcconfig"; sourceTree = "<group>"; };
		8887361F29D1659B009C16D8 /* FireBaseViewController.swift */ = {isa = PBXFileReference; lastKnownFileType = sourcecode.swift; path = FireBaseViewController.swift; sourceTree = "<group>"; };
		8887362029D1659B009C16D8 /* FireBaseViewController.xib */ = {isa = PBXFileReference; lastKnownFileType = file.xib; path = FireBaseViewController.xib; sourceTree = "<group>"; };
		8887362329D19000009C16D8 /* MessageModel.swift */ = {isa = PBXFileReference; lastKnownFileType = sourcecode.swift; path = MessageModel.swift; sourceTree = "<group>"; };
		8887362529D19113009C16D8 /* GoogleService-Info.plist */ = {isa = PBXFileReference; fileEncoding = 4; lastKnownFileType = text.plist.xml; path = "GoogleService-Info.plist"; sourceTree = "<group>"; };
		8887362729D2BED2009C16D8 /* MessageTableViewCell.swift */ = {isa = PBXFileReference; lastKnownFileType = sourcecode.swift; path = MessageTableViewCell.swift; sourceTree = "<group>"; };
		8887362829D2BED2009C16D8 /* MessageTableViewCell.xib */ = {isa = PBXFileReference; lastKnownFileType = file.xib; path = MessageTableViewCell.xib; sourceTree = "<group>"; };
		8887362C29D2D43A009C16D8 /* Alert.swift */ = {isa = PBXFileReference; lastKnownFileType = sourcecode.swift; path = Alert.swift; sourceTree = "<group>"; };
		8887362E29D428FE009C16D8 /* CryptoManager.swift */ = {isa = PBXFileReference; lastKnownFileType = sourcecode.swift; path = CryptoManager.swift; sourceTree = "<group>"; };
		8887363029D5599D009C16D8 /* Encodable+Extension.swift */ = {isa = PBXFileReference; lastKnownFileType = sourcecode.swift; path = "Encodable+Extension.swift"; sourceTree = "<group>"; };
		8887363629D574E4009C16D8 /* String+Extension.swift */ = {isa = PBXFileReference; lastKnownFileType = sourcecode.swift; path = "String+Extension.swift"; sourceTree = "<group>"; };
		8887363829D6BFEC009C16D8 /* zh-Hant */ = {isa = PBXFileReference; lastKnownFileType = text.plist.strings; name = "zh-Hant"; path = "zh-Hant.lproj/LaunchScreen.strings"; sourceTree = "<group>"; };
		8887363D29D6C060009C16D8 /* en */ = {isa = PBXFileReference; lastKnownFileType = text.plist.strings; name = en; path = en.lproj/Localizable.strings; sourceTree = "<group>"; };
		8887363F29D6C075009C16D8 /* zh-Hant */ = {isa = PBXFileReference; lastKnownFileType = text.plist.strings; name = "zh-Hant"; path = "zh-Hant.lproj/Localizable.strings"; sourceTree = "<group>"; };
		888EBC6D29C43B9B007437A4 /* iCloudDocument.app */ = {isa = PBXFileReference; explicitFileType = wrapper.application; includeInIndex = 0; path = iCloudDocument.app; sourceTree = BUILT_PRODUCTS_DIR; };
		888EBC7029C43B9B007437A4 /* AppDelegate.swift */ = {isa = PBXFileReference; lastKnownFileType = sourcecode.swift; path = AppDelegate.swift; sourceTree = "<group>"; };
		888EBC7229C43B9B007437A4 /* SceneDelegate.swift */ = {isa = PBXFileReference; lastKnownFileType = sourcecode.swift; path = SceneDelegate.swift; sourceTree = "<group>"; };
		888EBC7929C43B9D007437A4 /* Assets.xcassets */ = {isa = PBXFileReference; lastKnownFileType = folder.assetcatalog; path = Assets.xcassets; sourceTree = "<group>"; };
		888EBC7C29C43B9D007437A4 /* Base */ = {isa = PBXFileReference; lastKnownFileType = file.storyboard; name = Base; path = Base.lproj/LaunchScreen.storyboard; sourceTree = "<group>"; };
		888EBC7E29C43B9D007437A4 /* Info.plist */ = {isa = PBXFileReference; lastKnownFileType = text.plist.xml; path = Info.plist; sourceTree = "<group>"; };
		888EBC8329C43B9D007437A4 /* iCloudDocumentTests.xctest */ = {isa = PBXFileReference; explicitFileType = wrapper.cfbundle; includeInIndex = 0; path = iCloudDocumentTests.xctest; sourceTree = BUILT_PRODUCTS_DIR; };
		888EBC8729C43B9D007437A4 /* iCloudDocumentTests.swift */ = {isa = PBXFileReference; lastKnownFileType = sourcecode.swift; path = iCloudDocumentTests.swift; sourceTree = "<group>"; };
		888EBC8D29C43B9D007437A4 /* iCloudDocumentUITests.xctest */ = {isa = PBXFileReference; explicitFileType = wrapper.cfbundle; includeInIndex = 0; path = iCloudDocumentUITests.xctest; sourceTree = BUILT_PRODUCTS_DIR; };
		888EBC9129C43B9D007437A4 /* iCloudDocumentUITests.swift */ = {isa = PBXFileReference; lastKnownFileType = sourcecode.swift; path = iCloudDocumentUITests.swift; sourceTree = "<group>"; };
		888EBC9329C43B9D007437A4 /* iCloudDocumentUITestsLaunchTests.swift */ = {isa = PBXFileReference; lastKnownFileType = sourcecode.swift; path = iCloudDocumentUITestsLaunchTests.swift; sourceTree = "<group>"; };
		888EBCA029C43D0F007437A4 /* iCloudDocumentViewController.swift */ = {isa = PBXFileReference; lastKnownFileType = sourcecode.swift; path = iCloudDocumentViewController.swift; sourceTree = "<group>"; };
		888EBCA129C43D0F007437A4 /* iCloudDocumentViewController.xib */ = {isa = PBXFileReference; lastKnownFileType = file.xib; path = iCloudDocumentViewController.xib; sourceTree = "<group>"; };
		888EBCA429C43D43007437A4 /* iCloudDocument.entitlements */ = {isa = PBXFileReference; lastKnownFileType = text.plist.entitlements; path = iCloudDocument.entitlements; sourceTree = "<group>"; };
		9CF3A0BC5DDB3EBEAE8CC292 /* Pods-iCloudDocumentTests.debug.xcconfig */ = {isa = PBXFileReference; includeInIndex = 1; lastKnownFileType = text.xcconfig; name = "Pods-iCloudDocumentTests.debug.xcconfig"; path = "Target Support Files/Pods-iCloudDocumentTests/Pods-iCloudDocumentTests.debug.xcconfig"; sourceTree = "<group>"; };
		F942AD7FE01E4837F85122F5 /* Pods_iCloudDocumentTests.framework */ = {isa = PBXFileReference; explicitFileType = wrapper.framework; includeInIndex = 0; path = Pods_iCloudDocumentTests.framework; sourceTree = BUILT_PRODUCTS_DIR; };
/* End PBXFileReference section */

/* Begin PBXFrameworksBuildPhase section */
		888EBC6A29C43B9B007437A4 /* Frameworks */ = {
			isa = PBXFrameworksBuildPhase;
			buildActionMask = 2147483647;
			files = (
				EA9B8C71C4BD0F375E5F5142 /* Pods_iCloudDocument.framework in Frameworks */,
			);
			runOnlyForDeploymentPostprocessing = 0;
		};
		888EBC8029C43B9D007437A4 /* Frameworks */ = {
			isa = PBXFrameworksBuildPhase;
			buildActionMask = 2147483647;
			files = (
				F81796C5A6EE221B8B2D3436 /* Pods_iCloudDocumentTests.framework in Frameworks */,
			);
			runOnlyForDeploymentPostprocessing = 0;
		};
		888EBC8A29C43B9D007437A4 /* Frameworks */ = {
			isa = PBXFrameworksBuildPhase;
			buildActionMask = 2147483647;
			files = (
				DC88E5F425839E90E93A4D81 /* Pods_iCloudDocument_iCloudDocumentUITests.framework in Frameworks */,
			);
			runOnlyForDeploymentPostprocessing = 0;
		};
/* End PBXFrameworksBuildPhase section */

/* Begin PBXGroup section */
		8887361D29D1656B009C16D8 /* iCloudDocument */ = {
			isa = PBXGroup;
			children = (
				888EBCA029C43D0F007437A4 /* iCloudDocumentViewController.swift */,
				888EBCA129C43D0F007437A4 /* iCloudDocumentViewController.xib */,
			);
			name = iCloudDocument;
			sourceTree = "<group>";
		};
		8887361E29D16581009C16D8 /* FireBase */ = {
			isa = PBXGroup;
			children = (
				8887361F29D1659B009C16D8 /* FireBaseViewController.swift */,
				8887362029D1659B009C16D8 /* FireBaseViewController.xib */,
				8887362729D2BED2009C16D8 /* MessageTableViewCell.swift */,
				8887362829D2BED2009C16D8 /* MessageTableViewCell.xib */,
			);
			name = FireBase;
			sourceTree = "<group>";
		};
		8887362B29D2D424009C16D8 /* View */ = {
			isa = PBXGroup;
			children = (
				8887362C29D2D43A009C16D8 /* Alert.swift */,
			);
			path = View;
			sourceTree = "<group>";
		};
		8887363929D6C00D009C16D8 /* Localizable */ = {
			isa = PBXGroup;
			children = (
				8887363E29D6C060009C16D8 /* Localizable.strings */,
			);
			name = Localizable;
			sourceTree = "<group>";
		};
		888EBC6429C43B9B007437A4 = {
			isa = PBXGroup;
			children = (
				888EBC6F29C43B9B007437A4 /* iCloudDocument */,
				888EBC8629C43B9D007437A4 /* iCloudDocumentTests */,
				888EBC9029C43B9D007437A4 /* iCloudDocumentUITests */,
				888EBC6E29C43B9B007437A4 /* Products */,
				E1840895FD74EA4C8C9DC917 /* Pods */,
				ED376B012B0E34BB068EC689 /* Frameworks */,
			);
			sourceTree = "<group>";
		};
		888EBC6E29C43B9B007437A4 /* Products */ = {
			isa = PBXGroup;
			children = (
				888EBC6D29C43B9B007437A4 /* iCloudDocument.app */,
				888EBC8329C43B9D007437A4 /* iCloudDocumentTests.xctest */,
				888EBC8D29C43B9D007437A4 /* iCloudDocumentUITests.xctest */,
			);
			name = Products;
			sourceTree = "<group>";
		};
		888EBC6F29C43B9B007437A4 /* iCloudDocument */ = {
			isa = PBXGroup;
			children = (
				888EBCA429C43D43007437A4 /* iCloudDocument.entitlements */,
				888EBC7029C43B9B007437A4 /* AppDelegate.swift */,
				888EBC7229C43B9B007437A4 /* SceneDelegate.swift */,
				888EBC7929C43B9D007437A4 /* Assets.xcassets */,
				888EBC7B29C43B9D007437A4 /* LaunchScreen.storyboard */,
				888EBC7E29C43B9D007437A4 /* Info.plist */,
				8887362529D19113009C16D8 /* GoogleService-Info.plist */,
				888EBCB729CAE5C6007437A4 /* Model */,
				8887362B29D2D424009C16D8 /* View */,
				888EBCAE29C9A3EC007437A4 /* Controller */,
				8887363929D6C00D009C16D8 /* Localizable */,
			);
			path = iCloudDocument;
			sourceTree = "<group>";
		};
		888EBC8629C43B9D007437A4 /* iCloudDocumentTests */ = {
			isa = PBXGroup;
			children = (
				888EBC8729C43B9D007437A4 /* iCloudDocumentTests.swift */,
			);
			path = iCloudDocumentTests;
			sourceTree = "<group>";
		};
		888EBC9029C43B9D007437A4 /* iCloudDocumentUITests */ = {
			isa = PBXGroup;
			children = (
				888EBC9129C43B9D007437A4 /* iCloudDocumentUITests.swift */,
				888EBC9329C43B9D007437A4 /* iCloudDocumentUITestsLaunchTests.swift */,
			);
			path = iCloudDocumentUITests;
			sourceTree = "<group>";
		};
		888EBCAE29C9A3EC007437A4 /* Controller */ = {
			isa = PBXGroup;
			children = (
				8887361E29D16581009C16D8 /* FireBase */,
				8887361D29D1656B009C16D8 /* iCloudDocument */,
			);
			name = Controller;
			sourceTree = "<group>";
		};
		888EBCB729CAE5C6007437A4 /* Model */ = {
			isa = PBXGroup;
			children = (
				8887362329D19000009C16D8 /* MessageModel.swift */,
				8887362E29D428FE009C16D8 /* CryptoManager.swift */,
				8887363029D5599D009C16D8 /* Encodable+Extension.swift */,
				8887363629D574E4009C16D8 /* String+Extension.swift */,
			);
			name = Model;
			sourceTree = "<group>";
		};
		E1840895FD74EA4C8C9DC917 /* Pods */ = {
			isa = PBXGroup;
			children = (
				2C72E237AA80DED2E238A939 /* Pods-iCloudDocument.debug.xcconfig */,
				0745E8F60DE3244C4298ED4C /* Pods-iCloudDocument.release.xcconfig */,
				7E5972EAE6FB5C207C552EFA /* Pods-iCloudDocument-iCloudDocumentUITests.debug.xcconfig */,
				078E4F58DF68BC8FB94F5053 /* Pods-iCloudDocument-iCloudDocumentUITests.release.xcconfig */,
				9CF3A0BC5DDB3EBEAE8CC292 /* Pods-iCloudDocumentTests.debug.xcconfig */,
				5B18A5BD7D7A5A9C2D64DE78 /* Pods-iCloudDocumentTests.release.xcconfig */,
			);
			path = Pods;
			sourceTree = "<group>";
		};
		ED376B012B0E34BB068EC689 /* Frameworks */ = {
			isa = PBXGroup;
			children = (
				7C477BD685D03499AFE3801F /* Pods_iCloudDocument.framework */,
				30EC39012B5FFEB875F261B5 /* Pods_iCloudDocument_iCloudDocumentUITests.framework */,
				F942AD7FE01E4837F85122F5 /* Pods_iCloudDocumentTests.framework */,
			);
			name = Frameworks;
			sourceTree = "<group>";
		};
/* End PBXGroup section */

/* Begin PBXNativeTarget section */
		888EBC6C29C43B9B007437A4 /* iCloudDocument */ = {
			isa = PBXNativeTarget;
			buildConfigurationList = 888EBC9729C43B9D007437A4 /* Build configuration list for PBXNativeTarget "iCloudDocument" */;
			buildPhases = (
				9299ED0E5D9D65BE3D1AE31D /* [CP] Check Pods Manifest.lock */,
				888EBC6929C43B9B007437A4 /* Sources */,
				888EBC6A29C43B9B007437A4 /* Frameworks */,
				888EBC6B29C43B9B007437A4 /* Resources */,
				3583B2F05E7E0B871E735E04 /* [CP] Embed Pods Frameworks */,
			);
			buildRules = (
			);
			dependencies = (
			);
			name = iCloudDocument;
			productName = iCloudDocument;
			productReference = 888EBC6D29C43B9B007437A4 /* iCloudDocument.app */;
			productType = "com.apple.product-type.application";
		};
		888EBC8229C43B9D007437A4 /* iCloudDocumentTests */ = {
			isa = PBXNativeTarget;
			buildConfigurationList = 888EBC9A29C43B9D007437A4 /* Build configuration list for PBXNativeTarget "iCloudDocumentTests" */;
			buildPhases = (
				210868ADBE1B02AE1ED15342 /* [CP] Check Pods Manifest.lock */,
				888EBC7F29C43B9D007437A4 /* Sources */,
				888EBC8029C43B9D007437A4 /* Frameworks */,
				888EBC8129C43B9D007437A4 /* Resources */,
			);
			buildRules = (
			);
			dependencies = (
				888EBC8529C43B9D007437A4 /* PBXTargetDependency */,
			);
			name = iCloudDocumentTests;
			productName = iCloudDocumentTests;
			productReference = 888EBC8329C43B9D007437A4 /* iCloudDocumentTests.xctest */;
			productType = "com.apple.product-type.bundle.unit-test";
		};
		888EBC8C29C43B9D007437A4 /* iCloudDocumentUITests */ = {
			isa = PBXNativeTarget;
			buildConfigurationList = 888EBC9D29C43B9D007437A4 /* Build configuration list for PBXNativeTarget "iCloudDocumentUITests" */;
			buildPhases = (
				B24EEB656F7374891090B515 /* [CP] Check Pods Manifest.lock */,
				888EBC8929C43B9D007437A4 /* Sources */,
				888EBC8A29C43B9D007437A4 /* Frameworks */,
				888EBC8B29C43B9D007437A4 /* Resources */,
				615E6F1A18B7BF7099CE4CB7 /* [CP] Embed Pods Frameworks */,
			);
			buildRules = (
			);
			dependencies = (
				888EBC8F29C43B9D007437A4 /* PBXTargetDependency */,
			);
			name = iCloudDocumentUITests;
			productName = iCloudDocumentUITests;
			productReference = 888EBC8D29C43B9D007437A4 /* iCloudDocumentUITests.xctest */;
			productType = "com.apple.product-type.bundle.ui-testing";
		};
/* End PBXNativeTarget section */

/* Begin PBXProject section */
		888EBC6529C43B9B007437A4 /* Project object */ = {
			isa = PBXProject;
			attributes = {
				BuildIndependentTargetsInParallel = 1;
				LastSwiftUpdateCheck = 1420;
				LastUpgradeCheck = 1420;
				TargetAttributes = {
					888EBC6C29C43B9B007437A4 = {
						CreatedOnToolsVersion = 14.2;
					};
					888EBC8229C43B9D007437A4 = {
						CreatedOnToolsVersion = 14.2;
						TestTargetID = 888EBC6C29C43B9B007437A4;
					};
					888EBC8C29C43B9D007437A4 = {
						CreatedOnToolsVersion = 14.2;
						TestTargetID = 888EBC6C29C43B9B007437A4;
					};
				};
			};
			buildConfigurationList = 888EBC6829C43B9B007437A4 /* Build configuration list for PBXProject "iCloudDocument" */;
			compatibilityVersion = "Xcode 14.0";
			developmentRegion = en;
			hasScannedForEncodings = 0;
			knownRegions = (
				en,
				Base,
				"zh-Hant",
			);
			mainGroup = 888EBC6429C43B9B007437A4;
			productRefGroup = 888EBC6E29C43B9B007437A4 /* Products */;
			projectDirPath = "";
			projectRoot = "";
			targets = (
				888EBC6C29C43B9B007437A4 /* iCloudDocument */,
				888EBC8229C43B9D007437A4 /* iCloudDocumentTests */,
				888EBC8C29C43B9D007437A4 /* iCloudDocumentUITests */,
			);
		};
/* End PBXProject section */

/* Begin PBXResourcesBuildPhase section */
		888EBC6B29C43B9B007437A4 /* Resources */ = {
			isa = PBXResourcesBuildPhase;
			buildActionMask = 2147483647;
			files = (
				888EBCA329C43D0F007437A4 /* iCloudDocumentViewController.xib in Resources */,
				8887362A29D2BED2009C16D8 /* MessageTableViewCell.xib in Resources */,
				888EBC7D29C43B9D007437A4 /* LaunchScreen.storyboard in Resources */,
				8887363C29D6C060009C16D8 /* Localizable.strings in Resources */,
				8887362629D19114009C16D8 /* GoogleService-Info.plist in Resources */,
				888EBC7A29C43B9D007437A4 /* Assets.xcassets in Resources */,
				8887362229D1659B009C16D8 /* FireBaseViewController.xib in Resources */,
			);
			runOnlyForDeploymentPostprocessing = 0;
		};
		888EBC8129C43B9D007437A4 /* Resources */ = {
			isa = PBXResourcesBuildPhase;
			buildActionMask = 2147483647;
			files = (
			);
			runOnlyForDeploymentPostprocessing = 0;
		};
		888EBC8B29C43B9D007437A4 /* Resources */ = {
			isa = PBXResourcesBuildPhase;
			buildActionMask = 2147483647;
			files = (
			);
			runOnlyForDeploymentPostprocessing = 0;
		};
/* End PBXResourcesBuildPhase section */

/* Begin PBXShellScriptBuildPhase section */
		210868ADBE1B02AE1ED15342 /* [CP] Check Pods Manifest.lock */ = {
			isa = PBXShellScriptBuildPhase;
			buildActionMask = 2147483647;
			files = (
			);
			inputFileListPaths = (
			);
			inputPaths = (
				"${PODS_PODFILE_DIR_PATH}/Podfile.lock",
				"${PODS_ROOT}/Manifest.lock",
			);
			name = "[CP] Check Pods Manifest.lock";
			outputFileListPaths = (
			);
			outputPaths = (
				"$(DERIVED_FILE_DIR)/Pods-iCloudDocumentTests-checkManifestLockResult.txt",
			);
			runOnlyForDeploymentPostprocessing = 0;
			shellPath = /bin/sh;
			shellScript = "diff \"${PODS_PODFILE_DIR_PATH}/Podfile.lock\" \"${PODS_ROOT}/Manifest.lock\" > /dev/null\nif [ $? != 0 ] ; then\n    # print error to STDERR\n    echo \"error: The sandbox is not in sync with the Podfile.lock. Run 'pod install' or update your CocoaPods installation.\" >&2\n    exit 1\nfi\n# This output is used by Xcode 'outputs' to avoid re-running this script phase.\necho \"SUCCESS\" > \"${SCRIPT_OUTPUT_FILE_0}\"\n";
			showEnvVarsInLog = 0;
		};
		3583B2F05E7E0B871E735E04 /* [CP] Embed Pods Frameworks */ = {
			isa = PBXShellScriptBuildPhase;
			buildActionMask = 2147483647;
			files = (
			);
			inputFileListPaths = (
				"${PODS_ROOT}/Target Support Files/Pods-iCloudDocument/Pods-iCloudDocument-frameworks-${CONFIGURATION}-input-files.xcfilelist",
			);
			name = "[CP] Embed Pods Frameworks";
			outputFileListPaths = (
				"${PODS_ROOT}/Target Support Files/Pods-iCloudDocument/Pods-iCloudDocument-frameworks-${CONFIGURATION}-output-files.xcfilelist",
			);
			runOnlyForDeploymentPostprocessing = 0;
			shellPath = /bin/sh;
			shellScript = "\"${PODS_ROOT}/Target Support Files/Pods-iCloudDocument/Pods-iCloudDocument-frameworks.sh\"\n";
			showEnvVarsInLog = 0;
		};
		615E6F1A18B7BF7099CE4CB7 /* [CP] Embed Pods Frameworks */ = {
			isa = PBXShellScriptBuildPhase;
			buildActionMask = 2147483647;
			files = (
			);
			inputFileListPaths = (
				"${PODS_ROOT}/Target Support Files/Pods-iCloudDocument-iCloudDocumentUITests/Pods-iCloudDocument-iCloudDocumentUITests-frameworks-${CONFIGURATION}-input-files.xcfilelist",
			);
			name = "[CP] Embed Pods Frameworks";
			outputFileListPaths = (
				"${PODS_ROOT}/Target Support Files/Pods-iCloudDocument-iCloudDocumentUITests/Pods-iCloudDocument-iCloudDocumentUITests-frameworks-${CONFIGURATION}-output-files.xcfilelist",
			);
			runOnlyForDeploymentPostprocessing = 0;
			shellPath = /bin/sh;
			shellScript = "\"${PODS_ROOT}/Target Support Files/Pods-iCloudDocument-iCloudDocumentUITests/Pods-iCloudDocument-iCloudDocumentUITests-frameworks.sh\"\n";
			showEnvVarsInLog = 0;
		};
		9299ED0E5D9D65BE3D1AE31D /* [CP] Check Pods Manifest.lock */ = {
			isa = PBXShellScriptBuildPhase;
			buildActionMask = 2147483647;
			files = (
			);
			inputFileListPaths = (
			);
			inputPaths = (
				"${PODS_PODFILE_DIR_PATH}/Podfile.lock",
				"${PODS_ROOT}/Manifest.lock",
			);
			name = "[CP] Check Pods Manifest.lock";
			outputFileListPaths = (
			);
			outputPaths = (
				"$(DERIVED_FILE_DIR)/Pods-iCloudDocument-checkManifestLockResult.txt",
			);
			runOnlyForDeploymentPostprocessing = 0;
			shellPath = /bin/sh;
			shellScript = "diff \"${PODS_PODFILE_DIR_PATH}/Podfile.lock\" \"${PODS_ROOT}/Manifest.lock\" > /dev/null\nif [ $? != 0 ] ; then\n    # print error to STDERR\n    echo \"error: The sandbox is not in sync with the Podfile.lock. Run 'pod install' or update your CocoaPods installation.\" >&2\n    exit 1\nfi\n# This output is used by Xcode 'outputs' to avoid re-running this script phase.\necho \"SUCCESS\" > \"${SCRIPT_OUTPUT_FILE_0}\"\n";
			showEnvVarsInLog = 0;
		};
		B24EEB656F7374891090B515 /* [CP] Check Pods Manifest.lock */ = {
			isa = PBXShellScriptBuildPhase;
			buildActionMask = 2147483647;
			files = (
			);
			inputFileListPaths = (
			);
			inputPaths = (
				"${PODS_PODFILE_DIR_PATH}/Podfile.lock",
				"${PODS_ROOT}/Manifest.lock",
			);
			name = "[CP] Check Pods Manifest.lock";
			outputFileListPaths = (
			);
			outputPaths = (
				"$(DERIVED_FILE_DIR)/Pods-iCloudDocument-iCloudDocumentUITests-checkManifestLockResult.txt",
			);
			runOnlyForDeploymentPostprocessing = 0;
			shellPath = /bin/sh;
			shellScript = "diff \"${PODS_PODFILE_DIR_PATH}/Podfile.lock\" \"${PODS_ROOT}/Manifest.lock\" > /dev/null\nif [ $? != 0 ] ; then\n    # print error to STDERR\n    echo \"error: The sandbox is not in sync with the Podfile.lock. Run 'pod install' or update your CocoaPods installation.\" >&2\n    exit 1\nfi\n# This output is used by Xcode 'outputs' to avoid re-running this script phase.\necho \"SUCCESS\" > \"${SCRIPT_OUTPUT_FILE_0}\"\n";
			showEnvVarsInLog = 0;
		};
/* End PBXShellScriptBuildPhase section */

/* Begin PBXSourcesBuildPhase section */
		888EBC6929C43B9B007437A4 /* Sources */ = {
			isa = PBXSourcesBuildPhase;
			buildActionMask = 2147483647;
			files = (
				8887362429D19000009C16D8 /* MessageModel.swift in Sources */,
				888EBC7129C43B9B007437A4 /* AppDelegate.swift in Sources */,
				8887363129D5599D009C16D8 /* Encodable+Extension.swift in Sources */,
				8887362F29D428FE009C16D8 /* CryptoManager.swift in Sources */,
				888EBC7329C43B9B007437A4 /* SceneDelegate.swift in Sources */,
				888EBCA229C43D0F007437A4 /* iCloudDocumentViewController.swift in Sources */,
				8887362129D1659B009C16D8 /* FireBaseViewController.swift in Sources */,
				8887362929D2BED2009C16D8 /* MessageTableViewCell.swift in Sources */,
				8887363729D574E4009C16D8 /* String+Extension.swift in Sources */,
				8887362D29D2D43A009C16D8 /* Alert.swift in Sources */,
			);
			runOnlyForDeploymentPostprocessing = 0;
		};
		888EBC7F29C43B9D007437A4 /* Sources */ = {
			isa = PBXSourcesBuildPhase;
			buildActionMask = 2147483647;
			files = (
				888EBC8829C43B9D007437A4 /* iCloudDocumentTests.swift in Sources */,
			);
			runOnlyForDeploymentPostprocessing = 0;
		};
		888EBC8929C43B9D007437A4 /* Sources */ = {
			isa = PBXSourcesBuildPhase;
			buildActionMask = 2147483647;
			files = (
				888EBC9229C43B9D007437A4 /* iCloudDocumentUITests.swift in Sources */,
				888EBC9429C43B9D007437A4 /* iCloudDocumentUITestsLaunchTests.swift in Sources */,
			);
			runOnlyForDeploymentPostprocessing = 0;
		};
/* End PBXSourcesBuildPhase section */

/* Begin PBXTargetDependency section */
		888EBC8529C43B9D007437A4 /* PBXTargetDependency */ = {
			isa = PBXTargetDependency;
			target = 888EBC6C29C43B9B007437A4 /* iCloudDocument */;
			targetProxy = 888EBC8429C43B9D007437A4 /* PBXContainerItemProxy */;
		};
		888EBC8F29C43B9D007437A4 /* PBXTargetDependency */ = {
			isa = PBXTargetDependency;
			target = 888EBC6C29C43B9B007437A4 /* iCloudDocument */;
			targetProxy = 888EBC8E29C43B9D007437A4 /* PBXContainerItemProxy */;
		};
/* End PBXTargetDependency section */

/* Begin PBXVariantGroup section */
		8887363E29D6C060009C16D8 /* Localizable.strings */ = {
			isa = PBXVariantGroup;
			children = (
				8887363D29D6C060009C16D8 /* en */,
				8887363F29D6C075009C16D8 /* zh-Hant */,
			);
			name = Localizable.strings;
			sourceTree = "<group>";
		};
		888EBC7B29C43B9D007437A4 /* LaunchScreen.storyboard */ = {
			isa = PBXVariantGroup;
			children = (
				888EBC7C29C43B9D007437A4 /* Base */,
				8887363829D6BFEC009C16D8 /* zh-Hant */,
			);
			name = LaunchScreen.storyboard;
			sourceTree = "<group>";
		};
/* End PBXVariantGroup section */

/* Begin XCBuildConfiguration section */
		888EBC9529C43B9D007437A4 /* Debug */ = {
			isa = XCBuildConfiguration;
			buildSettings = {
				ALWAYS_SEARCH_USER_PATHS = NO;
				CLANG_ANALYZER_LOCALIZABILITY_NONLOCALIZED = YES;
				CLANG_ANALYZER_NONNULL = YES;
				CLANG_ANALYZER_NUMBER_OBJECT_CONVERSION = YES_AGGRESSIVE;
				CLANG_CXX_LANGUAGE_STANDARD = "gnu++20";
				CLANG_ENABLE_MODULES = YES;
				CLANG_ENABLE_OBJC_ARC = YES;
				CLANG_ENABLE_OBJC_WEAK = YES;
				CLANG_WARN_BLOCK_CAPTURE_AUTORELEASING = YES;
				CLANG_WARN_BOOL_CONVERSION = YES;
				CLANG_WARN_COMMA = YES;
				CLANG_WARN_CONSTANT_CONVERSION = YES;
				CLANG_WARN_DEPRECATED_OBJC_IMPLEMENTATIONS = YES;
				CLANG_WARN_DIRECT_OBJC_ISA_USAGE = YES_ERROR;
				CLANG_WARN_DOCUMENTATION_COMMENTS = YES;
				CLANG_WARN_EMPTY_BODY = YES;
				CLANG_WARN_ENUM_CONVERSION = YES;
				CLANG_WARN_INFINITE_RECURSION = YES;
				CLANG_WARN_INT_CONVERSION = YES;
				CLANG_WARN_NON_LITERAL_NULL_CONVERSION = YES;
				CLANG_WARN_OBJC_IMPLICIT_RETAIN_SELF = YES;
				CLANG_WARN_OBJC_LITERAL_CONVERSION = YES;
				CLANG_WARN_OBJC_ROOT_CLASS = YES_ERROR;
				CLANG_WARN_QUOTED_INCLUDE_IN_FRAMEWORK_HEADER = YES;
				CLANG_WARN_RANGE_LOOP_ANALYSIS = YES;
				CLANG_WARN_STRICT_PROTOTYPES = YES;
				CLANG_WARN_SUSPICIOUS_MOVE = YES;
				CLANG_WARN_UNGUARDED_AVAILABILITY = YES_AGGRESSIVE;
				CLANG_WARN_UNREACHABLE_CODE = YES;
				CLANG_WARN__DUPLICATE_METHOD_MATCH = YES;
				COPY_PHASE_STRIP = NO;
				DEBUG_INFORMATION_FORMAT = dwarf;
				ENABLE_STRICT_OBJC_MSGSEND = YES;
				ENABLE_TESTABILITY = YES;
				GCC_C_LANGUAGE_STANDARD = gnu11;
				GCC_DYNAMIC_NO_PIC = NO;
				GCC_NO_COMMON_BLOCKS = YES;
				GCC_OPTIMIZATION_LEVEL = 0;
				GCC_PREPROCESSOR_DEFINITIONS = (
					"DEBUG=1",
					"$(inherited)",
				);
				GCC_WARN_64_TO_32_BIT_CONVERSION = YES;
				GCC_WARN_ABOUT_RETURN_TYPE = YES_ERROR;
				GCC_WARN_UNDECLARED_SELECTOR = YES;
				GCC_WARN_UNINITIALIZED_AUTOS = YES_AGGRESSIVE;
				GCC_WARN_UNUSED_FUNCTION = YES;
				GCC_WARN_UNUSED_VARIABLE = YES;
				IPHONEOS_DEPLOYMENT_TARGET = 15.0;
				MTL_ENABLE_DEBUG_INFO = INCLUDE_SOURCE;
				MTL_FAST_MATH = YES;
				ONLY_ACTIVE_ARCH = YES;
				SDKROOT = iphoneos;
				SWIFT_ACTIVE_COMPILATION_CONDITIONS = DEBUG;
				SWIFT_OPTIMIZATION_LEVEL = "-Onone";
			};
			name = Debug;
		};
		888EBC9629C43B9D007437A4 /* Release */ = {
			isa = XCBuildConfiguration;
			buildSettings = {
				ALWAYS_SEARCH_USER_PATHS = NO;
				CLANG_ANALYZER_LOCALIZABILITY_NONLOCALIZED = YES;
				CLANG_ANALYZER_NONNULL = YES;
				CLANG_ANALYZER_NUMBER_OBJECT_CONVERSION = YES_AGGRESSIVE;
				CLANG_CXX_LANGUAGE_STANDARD = "gnu++20";
				CLANG_ENABLE_MODULES = YES;
				CLANG_ENABLE_OBJC_ARC = YES;
				CLANG_ENABLE_OBJC_WEAK = YES;
				CLANG_WARN_BLOCK_CAPTURE_AUTORELEASING = YES;
				CLANG_WARN_BOOL_CONVERSION = YES;
				CLANG_WARN_COMMA = YES;
				CLANG_WARN_CONSTANT_CONVERSION = YES;
				CLANG_WARN_DEPRECATED_OBJC_IMPLEMENTATIONS = YES;
				CLANG_WARN_DIRECT_OBJC_ISA_USAGE = YES_ERROR;
				CLANG_WARN_DOCUMENTATION_COMMENTS = YES;
				CLANG_WARN_EMPTY_BODY = YES;
				CLANG_WARN_ENUM_CONVERSION = YES;
				CLANG_WARN_INFINITE_RECURSION = YES;
				CLANG_WARN_INT_CONVERSION = YES;
				CLANG_WARN_NON_LITERAL_NULL_CONVERSION = YES;
				CLANG_WARN_OBJC_IMPLICIT_RETAIN_SELF = YES;
				CLANG_WARN_OBJC_LITERAL_CONVERSION = YES;
				CLANG_WARN_OBJC_ROOT_CLASS = YES_ERROR;
				CLANG_WARN_QUOTED_INCLUDE_IN_FRAMEWORK_HEADER = YES;
				CLANG_WARN_RANGE_LOOP_ANALYSIS = YES;
				CLANG_WARN_STRICT_PROTOTYPES = YES;
				CLANG_WARN_SUSPICIOUS_MOVE = YES;
				CLANG_WARN_UNGUARDED_AVAILABILITY = YES_AGGRESSIVE;
				CLANG_WARN_UNREACHABLE_CODE = YES;
				CLANG_WARN__DUPLICATE_METHOD_MATCH = YES;
				COPY_PHASE_STRIP = NO;
				DEBUG_INFORMATION_FORMAT = "dwarf-with-dsym";
				ENABLE_NS_ASSERTIONS = NO;
				ENABLE_STRICT_OBJC_MSGSEND = YES;
				GCC_C_LANGUAGE_STANDARD = gnu11;
				GCC_NO_COMMON_BLOCKS = YES;
				GCC_WARN_64_TO_32_BIT_CONVERSION = YES;
				GCC_WARN_ABOUT_RETURN_TYPE = YES_ERROR;
				GCC_WARN_UNDECLARED_SELECTOR = YES;
				GCC_WARN_UNINITIALIZED_AUTOS = YES_AGGRESSIVE;
				GCC_WARN_UNUSED_FUNCTION = YES;
				GCC_WARN_UNUSED_VARIABLE = YES;
				IPHONEOS_DEPLOYMENT_TARGET = 15.0;
				MTL_ENABLE_DEBUG_INFO = NO;
				MTL_FAST_MATH = YES;
				SDKROOT = iphoneos;
				SWIFT_COMPILATION_MODE = wholemodule;
				SWIFT_OPTIMIZATION_LEVEL = "-O";
				VALIDATE_PRODUCT = YES;
			};
			name = Release;
		};
		888EBC9829C43B9D007437A4 /* Debug */ = {
			isa = XCBuildConfiguration;
			baseConfigurationReference = 2C72E237AA80DED2E238A939 /* Pods-iCloudDocument.debug.xcconfig */;
			buildSettings = {
				ASSETCATALOG_COMPILER_APPICON_NAME = AppIcon;
				ASSETCATALOG_COMPILER_GLOBAL_ACCENT_COLOR_NAME = AccentColor;
				CODE_SIGN_ENTITLEMENTS = iCloudDocument/iCloudDocument.entitlements;
				CODE_SIGN_STYLE = Automatic;
				CURRENT_PROJECT_VERSION = 1;
				DEVELOPMENT_TEAM = S8FBP4YLUA;
				GENERATE_INFOPLIST_FILE = YES;
				INFOPLIST_FILE = iCloudDocument/Info.plist;
				INFOPLIST_KEY_UIApplicationSupportsIndirectInputEvents = YES;
				INFOPLIST_KEY_UILaunchStoryboardName = LaunchScreen;
				INFOPLIST_KEY_UISupportedInterfaceOrientations_iPad = "UIInterfaceOrientationPortrait UIInterfaceOrientationPortraitUpsideDown UIInterfaceOrientationLandscapeLeft UIInterfaceOrientationLandscapeRight";
				INFOPLIST_KEY_UISupportedInterfaceOrientations_iPhone = "UIInterfaceOrientationPortrait UIInterfaceOrientationLandscapeLeft UIInterfaceOrientationLandscapeRight";
				LD_RUNPATH_SEARCH_PATHS = (
					"$(inherited)",
					"@executable_path/Frameworks",
				);
				MARKETING_VERSION = 1.0;
				PRODUCT_BUNDLE_IDENTIFIER = darcy.iCloudDocument;
				PRODUCT_NAME = "$(TARGET_NAME)";
				SWIFT_EMIT_LOC_STRINGS = YES;
				SWIFT_VERSION = 5.0;
				TARGETED_DEVICE_FAMILY = "1,2";
			};
			name = Debug;
		};
		888EBC9929C43B9D007437A4 /* Release */ = {
			isa = XCBuildConfiguration;
			baseConfigurationReference = 0745E8F60DE3244C4298ED4C /* Pods-iCloudDocument.release.xcconfig */;
			buildSettings = {
				ASSETCATALOG_COMPILER_APPICON_NAME = AppIcon;
				ASSETCATALOG_COMPILER_GLOBAL_ACCENT_COLOR_NAME = AccentColor;
				CODE_SIGN_ENTITLEMENTS = iCloudDocument/iCloudDocument.entitlements;
				CODE_SIGN_STYLE = Automatic;
				CURRENT_PROJECT_VERSION = 1;
				DEVELOPMENT_TEAM = S8FBP4YLUA;
				GENERATE_INFOPLIST_FILE = YES;
				INFOPLIST_FILE = iCloudDocument/Info.plist;
				INFOPLIST_KEY_UIApplicationSupportsIndirectInputEvents = YES;
				INFOPLIST_KEY_UILaunchStoryboardName = LaunchScreen;
				INFOPLIST_KEY_UISupportedInterfaceOrientations_iPad = "UIInterfaceOrientationPortrait UIInterfaceOrientationPortraitUpsideDown UIInterfaceOrientationLandscapeLeft UIInterfaceOrientationLandscapeRight";
				INFOPLIST_KEY_UISupportedInterfaceOrientations_iPhone = "UIInterfaceOrientationPortrait UIInterfaceOrientationLandscapeLeft UIInterfaceOrientationLandscapeRight";
				LD_RUNPATH_SEARCH_PATHS = (
					"$(inherited)",
					"@executable_path/Frameworks",
				);
				MARKETING_VERSION = 1.0;
				PRODUCT_BUNDLE_IDENTIFIER = darcy.iCloudDocument;
				PRODUCT_NAME = "$(TARGET_NAME)";
				SWIFT_EMIT_LOC_STRINGS = YES;
				SWIFT_VERSION = 5.0;
				TARGETED_DEVICE_FAMILY = "1,2";
			};
			name = Release;
		};
		888EBC9B29C43B9D007437A4 /* Debug */ = {
			isa = XCBuildConfiguration;
			baseConfigurationReference = 9CF3A0BC5DDB3EBEAE8CC292 /* Pods-iCloudDocumentTests.debug.xcconfig */;
			buildSettings = {
				ALWAYS_EMBED_SWIFT_STANDARD_LIBRARIES = YES;
				BUNDLE_LOADER = "$(TEST_HOST)";
				CODE_SIGN_STYLE = Automatic;
				CURRENT_PROJECT_VERSION = 1;
				GENERATE_INFOPLIST_FILE = YES;
				IPHONEOS_DEPLOYMENT_TARGET = 16.2;
				MARKETING_VERSION = 1.0;
				PRODUCT_BUNDLE_IDENTIFIER = darcy.iCloudDocumentTests;
				PRODUCT_NAME = "$(TARGET_NAME)";
				SWIFT_EMIT_LOC_STRINGS = NO;
				SWIFT_VERSION = 5.0;
				TARGETED_DEVICE_FAMILY = "1,2";
				TEST_HOST = "$(BUILT_PRODUCTS_DIR)/iCloudDocument.app/$(BUNDLE_EXECUTABLE_FOLDER_PATH)/iCloudDocument";
			};
			name = Debug;
		};
		888EBC9C29C43B9D007437A4 /* Release */ = {
			isa = XCBuildConfiguration;
			baseConfigurationReference = 5B18A5BD7D7A5A9C2D64DE78 /* Pods-iCloudDocumentTests.release.xcconfig */;
			buildSettings = {
				ALWAYS_EMBED_SWIFT_STANDARD_LIBRARIES = YES;
				BUNDLE_LOADER = "$(TEST_HOST)";
				CODE_SIGN_STYLE = Automatic;
				CURRENT_PROJECT_VERSION = 1;
				GENERATE_INFOPLIST_FILE = YES;
				IPHONEOS_DEPLOYMENT_TARGET = 16.2;
				MARKETING_VERSION = 1.0;
				PRODUCT_BUNDLE_IDENTIFIER = darcy.iCloudDocumentTests;
				PRODUCT_NAME = "$(TARGET_NAME)";
				SWIFT_EMIT_LOC_STRINGS = NO;
				SWIFT_VERSION = 5.0;
				TARGETED_DEVICE_FAMILY = "1,2";
				TEST_HOST = "$(BUILT_PRODUCTS_DIR)/iCloudDocument.app/$(BUNDLE_EXECUTABLE_FOLDER_PATH)/iCloudDocument";
			};
			name = Release;
		};
		888EBC9E29C43B9D007437A4 /* Debug */ = {
			isa = XCBuildConfiguration;
			baseConfigurationReference = 7E5972EAE6FB5C207C552EFA /* Pods-iCloudDocument-iCloudDocumentUITests.debug.xcconfig */;
			buildSettings = {
				ALWAYS_EMBED_SWIFT_STANDARD_LIBRARIES = YES;
				CODE_SIGN_STYLE = Automatic;
				CURRENT_PROJECT_VERSION = 1;
				GENERATE_INFOPLIST_FILE = YES;
				MARKETING_VERSION = 1.0;
				PRODUCT_BUNDLE_IDENTIFIER = darcy.iCloudDocumentUITests;
				PRODUCT_NAME = "$(TARGET_NAME)";
				SWIFT_EMIT_LOC_STRINGS = NO;
				SWIFT_VERSION = 5.0;
				TARGETED_DEVICE_FAMILY = "1,2";
				TEST_TARGET_NAME = iCloudDocument;
			};
			name = Debug;
		};
		888EBC9F29C43B9D007437A4 /* Release */ = {
			isa = XCBuildConfiguration;
			baseConfigurationReference = 078E4F58DF68BC8FB94F5053 /* Pods-iCloudDocument-iCloudDocumentUITests.release.xcconfig */;
			buildSettings = {
				ALWAYS_EMBED_SWIFT_STANDARD_LIBRARIES = YES;
				CODE_SIGN_STYLE = Automatic;
				CURRENT_PROJECT_VERSION = 1;
				GENERATE_INFOPLIST_FILE = YES;
				MARKETING_VERSION = 1.0;
				PRODUCT_BUNDLE_IDENTIFIER = darcy.iCloudDocumentUITests;
				PRODUCT_NAME = "$(TARGET_NAME)";
				SWIFT_EMIT_LOC_STRINGS = NO;
				SWIFT_VERSION = 5.0;
				TARGETED_DEVICE_FAMILY = "1,2";
				TEST_TARGET_NAME = iCloudDocument;
			};
			name = Release;
		};
/* End XCBuildConfiguration section */

/* Begin XCConfigurationList section */
		888EBC6829C43B9B007437A4 /* Build configuration list for PBXProject "iCloudDocument" */ = {
			isa = XCConfigurationList;
			buildConfigurations = (
				888EBC9529C43B9D007437A4 /* Debug */,
				888EBC9629C43B9D007437A4 /* Release */,
			);
			defaultConfigurationIsVisible = 0;
			defaultConfigurationName = Release;
		};
		888EBC9729C43B9D007437A4 /* Build configuration list for PBXNativeTarget "iCloudDocument" */ = {
			isa = XCConfigurationList;
			buildConfigurations = (
				888EBC9829C43B9D007437A4 /* Debug */,
				888EBC9929C43B9D007437A4 /* Release */,
			);
			defaultConfigurationIsVisible = 0;
			defaultConfigurationName = Release;
		};
		888EBC9A29C43B9D007437A4 /* Build configuration list for PBXNativeTarget "iCloudDocumentTests" */ = {
			isa = XCConfigurationList;
			buildConfigurations = (
				888EBC9B29C43B9D007437A4 /* Debug */,
				888EBC9C29C43B9D007437A4 /* Release */,
			);
			defaultConfigurationIsVisible = 0;
			defaultConfigurationName = Release;
		};
		888EBC9D29C43B9D007437A4 /* Build configuration list for PBXNativeTarget "iCloudDocumentUITests" */ = {
			isa = XCConfigurationList;
			buildConfigurations = (
				888EBC9E29C43B9D007437A4 /* Debug */,
				888EBC9F29C43B9D007437A4 /* Release */,
			);
			defaultConfigurationIsVisible = 0;
			defaultConfigurationName = Release;
		};
/* End XCConfigurationList section */
	};
	rootObject = 888EBC6529C43B9B007437A4 /* Project object */;
}
